
Microsoft Visual Studio Solution File, Format Version 12.00
# Visual Studio Version 17
VisualStudioVersion = 17.4.33205.214
MinimumVisualStudioVersion = 10.0.40219.1
Project("{FAE04EC0-301F-11D3-BF4B-00C04F79EFBC}") = "perhotelan", "perhotelan\perhotelan.csproj", "{DCC25E4A-1EDE-4DB0-968C-52BF8079AAD2}"
EndProject
Global
	GlobalSection(SolutionConfigurationPlatforms) = preSolution
		Debug|Any CPU = Debug|Any CPU
		Release|Any CPU = Release|Any CPU
	EndGlobalSection
	GlobalSection(ProjectConfigurationPlatforms) = postSolution
		{DCC25E4A-1EDE-4DB0-968C-52BF8079AAD2}.Debug|Any CPU.ActiveCfg = Debug|Any CPU
		{DCC25E4A-1EDE-4DB0-968C-52BF8079AAD2}.Debug|Any CPU.Build.0 = Debug|Any CPU
		{DCC25E4A-1EDE-4DB0-968C-52BF8079AAD2}.Release|Any CPU.ActiveCfg = Release|Any CPU
		{DCC25E4A-1EDE-4DB0-968C-52BF8079AAD2}.Release|Any CPU.Build.0 = Release|Any CPU
	EndGlobalSection
	GlobalSection(SolutionProperties) = preSolution
		HideSolutionNode = FALSE
	EndGlobalSection
	GlobalSection(ExtensibilityGlobals) = postSolution
		SolutionGuid = {634E4D87-0F4E-46E6-87EB-DEE0435499E1}
	EndGlobalSection
EndGlobal
